{
  "originHash" : "ceb6b77ee52eda43b0d57e90e2475335108d4116f5a1d95811a710a1b1345863",
  "pins" : [
    {
      "identity" : "keychain-swift",
      "kind" : "remoteSourceControl",
      "location" : "https://github.com/evgenyneu/keychain-swift.git",
      "state" : {
        "revision" : "75677d8be3c50898c8ffd0d107f88aa2740301fc",
        "version" : "22.0.0"
      }
    },
    {
      "identity" : "youtubeplayerkit",
      "kind" : "remoteSourceControl",
      "location" : "https://github.com/SvenTiigi/YouTubePlayerKit.git",
      "state" : {
        "revision" : "fe1c1ec340f6d79866131432ecaa190fd6bbc4cb",
        "version" : "1.9.0"
      }
    }
  ],
  "version" : 3
}
